
Microsoft Visual Studio Solution File, Format Version 12.00
# Visual Studio Version 16
VisualStudioVersion = 16.0.30104.148
MinimumVisualStudioVersion = 10.0.40219.1
Project("{2150E333-8FDC-42A3-9474-1A3956D46DE8}") = "1-Apresentação", "1-Apresentação", "{5EE4A719-CF9D-4E40-83AB-36E584EDEB6E}"
EndProject
Project("{2150E333-8FDC-42A3-9474-1A3956D46DE8}") = "2-Aplicação", "2-Aplicação", "{3BA54AE9-17A2-494C-8F17-89A416E85CF5}"
EndProject
Project("{2150E333-8FDC-42A3-9474-1A3956D46DE8}") = "3-Dominio", "3-Dominio", "{9A18C843-AE2D-4943-8BFA-1B668C3601FA}"
EndProject
Project("{2150E333-8FDC-42A3-9474-1A3956D46DE8}") = "4-Infraestrutura", "4-Infraestrutura", "{A755BBCC-FC6C-4229-A6D4-F64F903E4A91}"
EndProject
Project("{2150E333-8FDC-42A3-9474-1A3956D46DE8}") = "5-Tests", "5-Tests", "{B2C349EE-0859-4CF2-8898-2F7AAF59D6F0}"
EndProject
Project("{2150E333-8FDC-42A3-9474-1A3956D46DE8}") = "4.1-Data", "4.1-Data", "{B8AB9589-CCAE-4E47-8763-630EA2B83755}"
EndProject
Project("{2150E333-8FDC-42A3-9474-1A3956D46DE8}") = "4.2-CrossCutting", "4.2-CrossCutting", "{06D7053B-86E7-4CDA-B86A-EFBA209756A6}"
EndProject
Project("{FAE04EC0-301F-11D3-BF4B-00C04F79EFBC}") = "Data", "src\Data\Data.csproj", "{8D04BA5A-94C7-47C3-A3D7-2FB1AFCE501F}"
EndProject
Project("{FAE04EC0-301F-11D3-BF4B-00C04F79EFBC}") = "App", "src\App\App.csproj", "{F5E7D795-1D9A-4CC7-88FF-76778786C4FC}"
EndProject
Project("{FAE04EC0-301F-11D3-BF4B-00C04F79EFBC}") = "Dominio", "src\Dominio\Dominio.csproj", "{9DCFA618-A7FB-44AC-85BE-CC7FE8D8D107}"
EndProject
Project("{FAE04EC0-301F-11D3-BF4B-00C04F79EFBC}") = "ViewModel", "src\ViewModel\ViewModel.csproj", "{7B1D2B0C-964B-437E-8F2C-A9DB6329A2F8}"
EndProject
Project("{FAE04EC0-301F-11D3-BF4B-00C04F79EFBC}") = "CrossCutting", "src\CrossCutting\CrossCutting.csproj", "{F3BF67EA-C6D6-40AB-98EB-80378071DDA5}"
EndProject
Project("{9A19103F-16F7-4668-BE54-9A1E7A4F7556}") = "Tests", "testes\Tests\Tests.csproj", "{8918FD62-3FA4-498D-89E6-F2E209333F68}"
EndProject
Project("{FAE04EC0-301F-11D3-BF4B-00C04F79EFBC}") = "Api", "src\Api\Api.csproj", "{C5CBC22D-E025-467D-985E-CCE6BA60BBA9}"
EndProject
Project("{FAE04EC0-301F-11D3-BF4B-00C04F79EFBC}") = "SiteAdmin", "src\SiteAdmin\SiteAdmin\SiteAdmin.csproj", "{9D28F50A-4AC6-4AEA-BE98-C6CC4AE93526}"
EndProject
Project("{FAE04EC0-301F-11D3-BF4B-00C04F79EFBC}") = "Ioc", "src\Ioc\Ioc.csproj", "{2A1DD1F4-7858-44F6-8B09-A7C451E97945}"
EndProject
Project("{FAE04EC0-301F-11D3-BF4B-00C04F79EFBC}") = "ValidarVm", "src\ValidarVm\ValidarVm.csproj", "{DD560077-CD3F-48F3-A97B-EC248EDF38E9}"
EndProject
Global
	GlobalSection(SolutionConfigurationPlatforms) = preSolution
		Debug|Any CPU = Debug|Any CPU
		Release|Any CPU = Release|Any CPU
	EndGlobalSection
	GlobalSection(ProjectConfigurationPlatforms) = postSolution
		{8D04BA5A-94C7-47C3-A3D7-2FB1AFCE501F}.Debug|Any CPU.ActiveCfg = Debug|Any CPU
		{8D04BA5A-94C7-47C3-A3D7-2FB1AFCE501F}.Debug|Any CPU.Build.0 = Debug|Any CPU
		{8D04BA5A-94C7-47C3-A3D7-2FB1AFCE501F}.Release|Any CPU.ActiveCfg = Release|Any CPU
		{8D04BA5A-94C7-47C3-A3D7-2FB1AFCE501F}.Release|Any CPU.Build.0 = Release|Any CPU
		{F5E7D795-1D9A-4CC7-88FF-76778786C4FC}.Debug|Any CPU.ActiveCfg = Debug|Any CPU
		{F5E7D795-1D9A-4CC7-88FF-76778786C4FC}.Debug|Any CPU.Build.0 = Debug|Any CPU
		{F5E7D795-1D9A-4CC7-88FF-76778786C4FC}.Release|Any CPU.ActiveCfg = Release|Any CPU
		{F5E7D795-1D9A-4CC7-88FF-76778786C4FC}.Release|Any CPU.Build.0 = Release|Any CPU
		{9DCFA618-A7FB-44AC-85BE-CC7FE8D8D107}.Debug|Any CPU.ActiveCfg = Debug|Any CPU
		{9DCFA618-A7FB-44AC-85BE-CC7FE8D8D107}.Debug|Any CPU.Build.0 = Debug|Any CPU
		{9DCFA618-A7FB-44AC-85BE-CC7FE8D8D107}.Release|Any CPU.ActiveCfg = Release|Any CPU
		{9DCFA618-A7FB-44AC-85BE-CC7FE8D8D107}.Release|Any CPU.Build.0 = Release|Any CPU
		{7B1D2B0C-964B-437E-8F2C-A9DB6329A2F8}.Debug|Any CPU.ActiveCfg = Debug|Any CPU
		{7B1D2B0C-964B-437E-8F2C-A9DB6329A2F8}.Debug|Any CPU.Build.0 = Debug|Any CPU
		{7B1D2B0C-964B-437E-8F2C-A9DB6329A2F8}.Release|Any CPU.ActiveCfg = Release|Any CPU
		{7B1D2B0C-964B-437E-8F2C-A9DB6329A2F8}.Release|Any CPU.Build.0 = Release|Any CPU
		{F3BF67EA-C6D6-40AB-98EB-80378071DDA5}.Debug|Any CPU.ActiveCfg = Debug|Any CPU
		{F3BF67EA-C6D6-40AB-98EB-80378071DDA5}.Debug|Any CPU.Build.0 = Debug|Any CPU
		{F3BF67EA-C6D6-40AB-98EB-80378071DDA5}.Release|Any CPU.ActiveCfg = Release|Any CPU
		{F3BF67EA-C6D6-40AB-98EB-80378071DDA5}.Release|Any CPU.Build.0 = Release|Any CPU
		{8918FD62-3FA4-498D-89E6-F2E209333F68}.Debug|Any CPU.ActiveCfg = Debug|Any CPU
		{8918FD62-3FA4-498D-89E6-F2E209333F68}.Debug|Any CPU.Build.0 = Debug|Any CPU
		{8918FD62-3FA4-498D-89E6-F2E209333F68}.Release|Any CPU.ActiveCfg = Release|Any CPU
		{8918FD62-3FA4-498D-89E6-F2E209333F68}.Release|Any CPU.Build.0 = Release|Any CPU
		{C5CBC22D-E025-467D-985E-CCE6BA60BBA9}.Debug|Any CPU.ActiveCfg = Debug|Any CPU
		{C5CBC22D-E025-467D-985E-CCE6BA60BBA9}.Debug|Any CPU.Build.0 = Debug|Any CPU
		{C5CBC22D-E025-467D-985E-CCE6BA60BBA9}.Release|Any CPU.ActiveCfg = Release|Any CPU
		{C5CBC22D-E025-467D-985E-CCE6BA60BBA9}.Release|Any CPU.Build.0 = Release|Any CPU
		{9D28F50A-4AC6-4AEA-BE98-C6CC4AE93526}.Debug|Any CPU.ActiveCfg = Debug|Any CPU
		{9D28F50A-4AC6-4AEA-BE98-C6CC4AE93526}.Debug|Any CPU.Build.0 = Debug|Any CPU
		{9D28F50A-4AC6-4AEA-BE98-C6CC4AE93526}.Release|Any CPU.ActiveCfg = Release|Any CPU
		{9D28F50A-4AC6-4AEA-BE98-C6CC4AE93526}.Release|Any CPU.Build.0 = Release|Any CPU
		{2A1DD1F4-7858-44F6-8B09-A7C451E97945}.Debug|Any CPU.ActiveCfg = Debug|Any CPU
		{2A1DD1F4-7858-44F6-8B09-A7C451E97945}.Debug|Any CPU.Build.0 = Debug|Any CPU
		{2A1DD1F4-7858-44F6-8B09-A7C451E97945}.Release|Any CPU.ActiveCfg = Release|Any CPU
		{2A1DD1F4-7858-44F6-8B09-A7C451E97945}.Release|Any CPU.Build.0 = Release|Any CPU
		{DD560077-CD3F-48F3-A97B-EC248EDF38E9}.Debug|Any CPU.ActiveCfg = Debug|Any CPU
		{DD560077-CD3F-48F3-A97B-EC248EDF38E9}.Debug|Any CPU.Build.0 = Debug|Any CPU
		{DD560077-CD3F-48F3-A97B-EC248EDF38E9}.Release|Any CPU.ActiveCfg = Release|Any CPU
		{DD560077-CD3F-48F3-A97B-EC248EDF38E9}.Release|Any CPU.Build.0 = Release|Any CPU
	EndGlobalSection
	GlobalSection(SolutionProperties) = preSolution
		HideSolutionNode = FALSE
	EndGlobalSection
	GlobalSection(NestedProjects) = preSolution
		{B8AB9589-CCAE-4E47-8763-630EA2B83755} = {A755BBCC-FC6C-4229-A6D4-F64F903E4A91}
		{06D7053B-86E7-4CDA-B86A-EFBA209756A6} = {A755BBCC-FC6C-4229-A6D4-F64F903E4A91}
		{8D04BA5A-94C7-47C3-A3D7-2FB1AFCE501F} = {B8AB9589-CCAE-4E47-8763-630EA2B83755}
		{F5E7D795-1D9A-4CC7-88FF-76778786C4FC} = {3BA54AE9-17A2-494C-8F17-89A416E85CF5}
		{9DCFA618-A7FB-44AC-85BE-CC7FE8D8D107} = {9A18C843-AE2D-4943-8BFA-1B668C3601FA}
		{7B1D2B0C-964B-437E-8F2C-A9DB6329A2F8} = {3BA54AE9-17A2-494C-8F17-89A416E85CF5}
		{F3BF67EA-C6D6-40AB-98EB-80378071DDA5} = {06D7053B-86E7-4CDA-B86A-EFBA209756A6}
		{8918FD62-3FA4-498D-89E6-F2E209333F68} = {B2C349EE-0859-4CF2-8898-2F7AAF59D6F0}
		{C5CBC22D-E025-467D-985E-CCE6BA60BBA9} = {5EE4A719-CF9D-4E40-83AB-36E584EDEB6E}
		{9D28F50A-4AC6-4AEA-BE98-C6CC4AE93526} = {5EE4A719-CF9D-4E40-83AB-36E584EDEB6E}
		{2A1DD1F4-7858-44F6-8B09-A7C451E97945} = {06D7053B-86E7-4CDA-B86A-EFBA209756A6}
		{DD560077-CD3F-48F3-A97B-EC248EDF38E9} = {06D7053B-86E7-4CDA-B86A-EFBA209756A6}
	EndGlobalSection
	GlobalSection(ExtensibilityGlobals) = postSolution
		SolutionGuid = {E5AB65C8-722F-4FCF-B9EB-D8E423CABC8F}
	EndGlobalSection
EndGlobal
